{
    "_readme": [
        "This file locks the dependencies of your project to a known state",
        "Read more about it at https://getcomposer.org/doc/01-basic-usage.md#installing-dependencies",
        "This file is @generated automatically"
    ],
    "content-hash": "2de2a597609f27d4371d3d24ce4e5fe5",
    "packages": [
        {
            "name": "phpmailer/phpmailer",
            "version": "v6.2.0",
            "source": {
                "type": "git",
                "url": "https://github.com/PHPMailer/PHPMailer.git",
                "reference": "e38888a75c070304ca5514197d4847a59a5c853f"
            },
            "dist": {
                "type": "zip",
                "url": "https://api.github.com/repos/PHPMailer/PHPMailer/zipball/e38888a75c070304ca5514197d4847a59a5c853f",
                "reference": "e38888a75c070304ca5514197d4847a59a5c853f",
                "shasum": ""
            },
            "require": {
                "ext-ctype": "*",
                "ext-filter": "*",
                "ext-hash": "*",
                "php": ">=5.5.0"
            },
            "require-dev": {
                "dealerdirect/phpcodesniffer-composer-installer": "^0.7.0",
                "doctrine/annotations": "^1.2",
                "phpcompatibility/php-compatibility": "^9.3.5",
                "roave/security-advisories": "dev-latest",
                "squizlabs/php_codesniffer": "^3.5.6",
                "yoast/phpunit-polyfills": "^0.2.0"
            },
            "suggest": {
                "ext-mbstring": "Needed to send email in multibyte encoding charset",
                "hayageek/oauth2-yahoo": "Needed for Yahoo XOAUTH2 authentication",
                "league/oauth2-google": "Needed for Google XOAUTH2 authentication",
                "psr/log": "For optional PSR-3 debug logging",
                "stevenmaguire/oauth2-microsoft": "Needed for Microsoft XOAUTH2 authentication",
                "symfony/polyfill-mbstring": "To support UTF-8 if the Mbstring PHP extension is not enabled (^1.2)"
            },
            "type": "library",
            "autoload": {
                "psr-4": {
                    "PHPMailer\\PHPMailer\\": "src/"
                }
            },
            "notification-url": "https://packagist.org/downloads/",
            "license": [
                "LGPL-2.1-only"
            ],
            "authors": [
                {
                    "name": "Marcus Bointon",
                    "email": "phpmailer@synchromedia.co.uk"
                },
                {
                    "name": "Jim Jagielski",
                    "email": "jimjag@gmail.com"
                },
                {
                    "name": "Andy Prevost",
                    "email": "codeworxtech@users.sourceforge.net"
                },
                {
                    "name": "Brent R. Matzelle"
                }
            ],
            "description": "PHPMailer is a full-featured email creation and transfer class for PHP",
            "support": {
                "issues": "https://github.com/PHPMailer/PHPMailer/issues",
                "source": "https://github.com/PHPMailer/PHPMailer/tree/v6.2.0"
            },
            "funding": [
                {
                    "url": "https://github.com/Synchro",
                    "type": "github"
                }
            ],
            "time": "2020-11-25T15:24:57+00:00"
        },
        {
            "name": "pierre-granger/apidae-core",
            "version": "v0.1",
            "source": {
                "type": "git",
                "url": "https://github.com/PierreGranger/ApidaeCore.git",
                "reference": "1f1082d74ee27f7b137c7ebe0de3f49689fa37ee"
            },
            "dist": {
                "type": "zip",
                "url": "https://api.github.com/repos/PierreGranger/ApidaeCore/zipball/1f1082d74ee27f7b137c7ebe0de3f49689fa37ee",
                "reference": "1f1082d74ee27f7b137c7ebe0de3f49689fa37ee",
                "shasum": ""
            },
            "require": {
                "php": "^7.0",
                "phpmailer/phpmailer": "^6.0"
            },
            "type": "library",
            "autoload": {
                "psr-4": {
                    "PierreGranger\\": "src/"
                }
            },
            "notification-url": "https://packagist.org/downloads/",
            "description": "Apidae Core",
            "support": {
                "issues": "https://github.com/PierreGranger/ApidaeCore/issues",
                "source": "https://github.com/PierreGranger/ApidaeCore/tree/v0.1"
            },
            "time": "2021-02-12T20:48:05+00:00"
        },
        {
            "name": "pierre-granger/apidae-membres",
            "version": "v1.2.1",
            "source": {
                "type": "git",
                "url": "https://github.com/PGranger/ApidaeMembres.git",
                "reference": "91754ebe3f1dac0234070dc3cb1bae6bd6d974c5"
            },
            "dist": {
                "type": "zip",
                "url": "https://api.github.com/repos/PGranger/ApidaeMembres/zipball/91754ebe3f1dac0234070dc3cb1bae6bd6d974c5",
                "reference": "91754ebe3f1dac0234070dc3cb1bae6bd6d974c5",
                "shasum": ""
            },
            "require": {
                "php": "^5.3.3 || ^7.0"
            },
            "require-dev": {
                "victorjonsson/markdowndocs": "^1.3"
            },
            "type": "library",
            "autoload": {
                "psr-4": {
                    "PierreGranger\\": "src/"
                }
            },
            "notification-url": "https://packagist.org/downloads/",
            "description": "Classe d'utilisation des API membres & utilisateurs d'Apidae ",
            "support": {
                "issues": "https://github.com/PGranger/ApidaeMembres/issues",
                "source": "https://github.com/PGranger/ApidaeMembres/tree/v1.2.1"
            },
            "time": "2020-10-22T07:30:49+00:00"
        },
        {
            "name": "pierre-granger/apidae-sso",
            "version": "v1.1",
            "source": {
                "type": "git",
                "url": "https://github.com/PierreGranger/ApidaeSso.git",
                "reference": "6748a81edf0fc763dbbc32b76f080b45d3bf6b0f"
            },
            "dist": {
                "type": "zip",
                "url": "https://api.github.com/repos/PierreGranger/ApidaeSso/zipball/6748a81edf0fc763dbbc32b76f080b45d3bf6b0f",
                "reference": "6748a81edf0fc763dbbc32b76f080b45d3bf6b0f",
                "shasum": ""
            },
            "require": {
                "php": "^7.0",
                "pierre-granger/apidae-core": "^0.1"
            },
            "type": "library",
            "autoload": {
                "psr-4": {
                    "PierreGranger\\": "src/"
                }
            },
            "notification-url": "https://packagist.org/downloads/",
            "description": "Classe d'utilisation des API de SSO d'Apidae ",
            "support": {
                "issues": "https://github.com/PierreGranger/ApidaeSso/issues",
                "source": "https://github.com/PierreGranger/ApidaeSso/tree/v1.1"
            },
            "time": "2021-02-16T09:14:28+00:00"
        }
    ],
    "packages-dev": [],
    "aliases": [],
    "minimum-stability": "stable",
    "stability-flags": [],
    "prefer-stable": false,
    "prefer-lowest": false,
    "platform": [],
    "platform-dev": [],
    "plugin-api-version": "2.0.0"
}
